
Microsoft Visual Studio Solution File, Format Version 12.00
# Visual Studio Version 17
VisualStudioVersion = 17.6.33815.320
MinimumVisualStudioVersion = 10.0.40219.1
Project("{9A19103F-16F7-4668-BE54-9A1E7A4F7556}") = "SzorzoTabla", "SzorzoTabla\SzorzoTabla.csproj", "{3FD24349-CF45-4EAD-A2BE-BB9DE04EAFB4}"
EndProject
Project("{9A19103F-16F7-4668-BE54-9A1E7A4F7556}") = "Fibonacci", "Fibonacci\Fibonacci.csproj", "{A87F4E72-3A00-4AE5-A12F-F39DED6CC224}"
EndProject
Project("{9A19103F-16F7-4668-BE54-9A1E7A4F7556}") = "Pascal", "Pascal\Pascal.csproj", "{7507A8C2-7FC9-4116-89E4-FD93E9F4C1B6}"
EndProject
Project("{9A19103F-16F7-4668-BE54-9A1E7A4F7556}") = "SakkTabla", "SakkTabla\SakkTabla.csproj", "{E5480178-7D27-4FDB-A1BA-1F798F9F6D48}"
EndProject
Project("{9A19103F-16F7-4668-BE54-9A1E7A4F7556}") = "VillogoGomb", "VillogoGomb\VillogoGomb.csproj", "{61A0F229-7F09-4D4E-A5F4-E5D2BF51D5FE}"
EndProject
Project("{9A19103F-16F7-4668-BE54-9A1E7A4F7556}") = "LoveButton", "LoveButton\LoveButton.csproj", "{88255CBC-2568-45B6-91BB-EECD7890EF58}"
EndProject
Project("{9A19103F-16F7-4668-BE54-9A1E7A4F7556}") = "jatek", "jatek\jatek.csproj", "{48328087-CA32-42A6-9176-B22CEC13B8E1}"
EndProject
Project("{9A19103F-16F7-4668-BE54-9A1E7A4F7556}") = "Hajos", "Hajos\Hajos.csproj", "{87848553-DEB2-493F-BB91-221757EC8A1B}"
EndProject
Project("{FAE04EC0-301F-11D3-BF4B-00C04F79EFBC}") = "KígyósJáték", "KígyósJáték\KígyósJáték.csproj", "{48C31813-6168-40B3-BA46-0714D56621EE}"
EndProject
Global
	GlobalSection(SolutionConfigurationPlatforms) = preSolution
		Debug|Any CPU = Debug|Any CPU
		Release|Any CPU = Release|Any CPU
	EndGlobalSection
	GlobalSection(ProjectConfigurationPlatforms) = postSolution
		{3FD24349-CF45-4EAD-A2BE-BB9DE04EAFB4}.Debug|Any CPU.ActiveCfg = Debug|Any CPU
		{3FD24349-CF45-4EAD-A2BE-BB9DE04EAFB4}.Debug|Any CPU.Build.0 = Debug|Any CPU
		{3FD24349-CF45-4EAD-A2BE-BB9DE04EAFB4}.Release|Any CPU.ActiveCfg = Release|Any CPU
		{3FD24349-CF45-4EAD-A2BE-BB9DE04EAFB4}.Release|Any CPU.Build.0 = Release|Any CPU
		{A87F4E72-3A00-4AE5-A12F-F39DED6CC224}.Debug|Any CPU.ActiveCfg = Debug|Any CPU
		{A87F4E72-3A00-4AE5-A12F-F39DED6CC224}.Debug|Any CPU.Build.0 = Debug|Any CPU
		{A87F4E72-3A00-4AE5-A12F-F39DED6CC224}.Release|Any CPU.ActiveCfg = Release|Any CPU
		{A87F4E72-3A00-4AE5-A12F-F39DED6CC224}.Release|Any CPU.Build.0 = Release|Any CPU
		{7507A8C2-7FC9-4116-89E4-FD93E9F4C1B6}.Debug|Any CPU.ActiveCfg = Debug|Any CPU
		{7507A8C2-7FC9-4116-89E4-FD93E9F4C1B6}.Debug|Any CPU.Build.0 = Debug|Any CPU
		{7507A8C2-7FC9-4116-89E4-FD93E9F4C1B6}.Release|Any CPU.ActiveCfg = Release|Any CPU
		{7507A8C2-7FC9-4116-89E4-FD93E9F4C1B6}.Release|Any CPU.Build.0 = Release|Any CPU
		{E5480178-7D27-4FDB-A1BA-1F798F9F6D48}.Debug|Any CPU.ActiveCfg = Debug|Any CPU
		{E5480178-7D27-4FDB-A1BA-1F798F9F6D48}.Debug|Any CPU.Build.0 = Debug|Any CPU
		{E5480178-7D27-4FDB-A1BA-1F798F9F6D48}.Release|Any CPU.ActiveCfg = Release|Any CPU
		{E5480178-7D27-4FDB-A1BA-1F798F9F6D48}.Release|Any CPU.Build.0 = Release|Any CPU
		{61A0F229-7F09-4D4E-A5F4-E5D2BF51D5FE}.Debug|Any CPU.ActiveCfg = Debug|Any CPU
		{61A0F229-7F09-4D4E-A5F4-E5D2BF51D5FE}.Debug|Any CPU.Build.0 = Debug|Any CPU
		{61A0F229-7F09-4D4E-A5F4-E5D2BF51D5FE}.Release|Any CPU.ActiveCfg = Release|Any CPU
		{61A0F229-7F09-4D4E-A5F4-E5D2BF51D5FE}.Release|Any CPU.Build.0 = Release|Any CPU
		{88255CBC-2568-45B6-91BB-EECD7890EF58}.Debug|Any CPU.ActiveCfg = Debug|Any CPU
		{88255CBC-2568-45B6-91BB-EECD7890EF58}.Debug|Any CPU.Build.0 = Debug|Any CPU
		{88255CBC-2568-45B6-91BB-EECD7890EF58}.Release|Any CPU.ActiveCfg = Release|Any CPU
		{88255CBC-2568-45B6-91BB-EECD7890EF58}.Release|Any CPU.Build.0 = Release|Any CPU
		{48328087-CA32-42A6-9176-B22CEC13B8E1}.Debug|Any CPU.ActiveCfg = Debug|Any CPU
		{48328087-CA32-42A6-9176-B22CEC13B8E1}.Debug|Any CPU.Build.0 = Debug|Any CPU
		{48328087-CA32-42A6-9176-B22CEC13B8E1}.Release|Any CPU.ActiveCfg = Release|Any CPU
		{48328087-CA32-42A6-9176-B22CEC13B8E1}.Release|Any CPU.Build.0 = Release|Any CPU
		{87848553-DEB2-493F-BB91-221757EC8A1B}.Debug|Any CPU.ActiveCfg = Debug|Any CPU
		{87848553-DEB2-493F-BB91-221757EC8A1B}.Debug|Any CPU.Build.0 = Debug|Any CPU
		{87848553-DEB2-493F-BB91-221757EC8A1B}.Release|Any CPU.ActiveCfg = Release|Any CPU
		{87848553-DEB2-493F-BB91-221757EC8A1B}.Release|Any CPU.Build.0 = Release|Any CPU
		{48C31813-6168-40B3-BA46-0714D56621EE}.Debug|Any CPU.ActiveCfg = Debug|Any CPU
		{48C31813-6168-40B3-BA46-0714D56621EE}.Debug|Any CPU.Build.0 = Debug|Any CPU
		{48C31813-6168-40B3-BA46-0714D56621EE}.Release|Any CPU.ActiveCfg = Release|Any CPU
		{48C31813-6168-40B3-BA46-0714D56621EE}.Release|Any CPU.Build.0 = Release|Any CPU
	EndGlobalSection
	GlobalSection(SolutionProperties) = preSolution
		HideSolutionNode = FALSE
	EndGlobalSection
	GlobalSection(ExtensibilityGlobals) = postSolution
		SolutionGuid = {33C04853-FE3D-489E-AF37-0E48E4148844}
	EndGlobalSection
EndGlobal
